
Microsoft Visual Studio Solution File, Format Version 12.00
# Visual Studio 15
VisualStudioVersion = 15.0.28307.329
MinimumVisualStudioVersion = 10.0.40219.1
Project("{FAE04EC0-301F-11D3-BF4B-00C04F79EFBC}") = "Backgammon", "Backgammon\Backgammon.csproj", "{DBF021C1-7F6E-42D8-8BF8-06158C459445}"
EndProject
Global
	GlobalSection(SolutionConfigurationPlatforms) = preSolution
		Debug|Any CPU = Debug|Any CPU
		Release|Any CPU = Release|Any CPU
	EndGlobalSection
	GlobalSection(ProjectConfigurationPlatforms) = postSolution
		{DBF021C1-7F6E-42D8-8BF8-06158C459445}.Debug|Any CPU.ActiveCfg = Debug|Any CPU
		{DBF021C1-7F6E-42D8-8BF8-06158C459445}.Debug|Any CPU.Build.0 = Debug|Any CPU
		{DBF021C1-7F6E-42D8-8BF8-06158C459445}.Release|Any CPU.ActiveCfg = Release|Any CPU
		{DBF021C1-7F6E-42D8-8BF8-06158C459445}.Release|Any CPU.Build.0 = Release|Any CPU
	EndGlobalSection
	GlobalSection(SolutionProperties) = preSolution
		HideSolutionNode = FALSE
	EndGlobalSection
	GlobalSection(ExtensibilityGlobals) = postSolution
		SolutionGuid = {1AB7043F-227E-4FB6-A723-40E72B1D04B1}
	EndGlobalSection
EndGlobal
